
Microsoft Visual Studio Solution File, Format Version 12.00
# Visual Studio Version 16
VisualStudioVersion = 16.0.30517.126
MinimumVisualStudioVersion = 10.0.40219.1
Project("{9A19103F-16F7-4668-BE54-9A1E7A4F7556}") = "DataAccess", "DataAccess\DataAccess.csproj", "{ABAA718D-52C6-482B-9B6C-83ABEB05C98A}"
EndProject
Project("{9A19103F-16F7-4668-BE54-9A1E7A4F7556}") = "Business", "Business\Business.csproj", "{376B8AB4-75D8-4EE2-9DB4-AE8FF023E492}"
EndProject
Project("{9A19103F-16F7-4668-BE54-9A1E7A4F7556}") = "Entities", "Entities\Entities.csproj", "{CF0142DB-CAEC-4033-A86E-9514EDB52EDB}"
EndProject
Project("{9A19103F-16F7-4668-BE54-9A1E7A4F7556}") = "ConsoleUI", "ConsoleUI\ConsoleUI.csproj", "{77FF02A0-9883-430B-82BF-D6A52F282966}"
EndProject
Project("{9A19103F-16F7-4668-BE54-9A1E7A4F7556}") = "Core", "Core\Core.csproj", "{1BBC9798-32F8-4ACA-8A3B-7787676B4603}"
EndProject
Project("{FAE04EC0-301F-11D3-BF4B-00C04F79EFBC}") = "WebAPI", "WebAPI\WebAPI.csproj", "{6D0FA8A8-A907-4FD9-B2BA-7810C8A1AD3D}"
EndProject
Global
	GlobalSection(SolutionConfigurationPlatforms) = preSolution
		Debug|Any CPU = Debug|Any CPU
		Release|Any CPU = Release|Any CPU
	EndGlobalSection
	GlobalSection(ProjectConfigurationPlatforms) = postSolution
		{ABAA718D-52C6-482B-9B6C-83ABEB05C98A}.Debug|Any CPU.ActiveCfg = Debug|Any CPU
		{ABAA718D-52C6-482B-9B6C-83ABEB05C98A}.Debug|Any CPU.Build.0 = Debug|Any CPU
		{ABAA718D-52C6-482B-9B6C-83ABEB05C98A}.Release|Any CPU.ActiveCfg = Release|Any CPU
		{ABAA718D-52C6-482B-9B6C-83ABEB05C98A}.Release|Any CPU.Build.0 = Release|Any CPU
		{376B8AB4-75D8-4EE2-9DB4-AE8FF023E492}.Debug|Any CPU.ActiveCfg = Debug|Any CPU
		{376B8AB4-75D8-4EE2-9DB4-AE8FF023E492}.Debug|Any CPU.Build.0 = Debug|Any CPU
		{376B8AB4-75D8-4EE2-9DB4-AE8FF023E492}.Release|Any CPU.ActiveCfg = Release|Any CPU
		{376B8AB4-75D8-4EE2-9DB4-AE8FF023E492}.Release|Any CPU.Build.0 = Release|Any CPU
		{CF0142DB-CAEC-4033-A86E-9514EDB52EDB}.Debug|Any CPU.ActiveCfg = Debug|Any CPU
		{CF0142DB-CAEC-4033-A86E-9514EDB52EDB}.Debug|Any CPU.Build.0 = Debug|Any CPU
		{CF0142DB-CAEC-4033-A86E-9514EDB52EDB}.Release|Any CPU.ActiveCfg = Release|Any CPU
		{CF0142DB-CAEC-4033-A86E-9514EDB52EDB}.Release|Any CPU.Build.0 = Release|Any CPU
		{77FF02A0-9883-430B-82BF-D6A52F282966}.Debug|Any CPU.ActiveCfg = Debug|Any CPU
		{77FF02A0-9883-430B-82BF-D6A52F282966}.Debug|Any CPU.Build.0 = Debug|Any CPU
		{77FF02A0-9883-430B-82BF-D6A52F282966}.Release|Any CPU.ActiveCfg = Release|Any CPU
		{77FF02A0-9883-430B-82BF-D6A52F282966}.Release|Any CPU.Build.0 = Release|Any CPU
		{1BBC9798-32F8-4ACA-8A3B-7787676B4603}.Debug|Any CPU.ActiveCfg = Debug|Any CPU
		{1BBC9798-32F8-4ACA-8A3B-7787676B4603}.Debug|Any CPU.Build.0 = Debug|Any CPU
		{1BBC9798-32F8-4ACA-8A3B-7787676B4603}.Release|Any CPU.ActiveCfg = Release|Any CPU
		{1BBC9798-32F8-4ACA-8A3B-7787676B4603}.Release|Any CPU.Build.0 = Release|Any CPU
		{6D0FA8A8-A907-4FD9-B2BA-7810C8A1AD3D}.Debug|Any CPU.ActiveCfg = Debug|Any CPU
		{6D0FA8A8-A907-4FD9-B2BA-7810C8A1AD3D}.Debug|Any CPU.Build.0 = Debug|Any CPU
		{6D0FA8A8-A907-4FD9-B2BA-7810C8A1AD3D}.Release|Any CPU.ActiveCfg = Release|Any CPU
		{6D0FA8A8-A907-4FD9-B2BA-7810C8A1AD3D}.Release|Any CPU.Build.0 = Release|Any CPU
	EndGlobalSection
	GlobalSection(SolutionProperties) = preSolution
		HideSolutionNode = FALSE
	EndGlobalSection
	GlobalSection(ExtensibilityGlobals) = postSolution
		SolutionGuid = {67E50D98-4F30-4FEE-8B26-B6D5782F2442}
	EndGlobalSection
EndGlobal
